
Microsoft Visual Studio Solution File, Format Version 12.00
# Visual Studio Version 16
VisualStudioVersion = 16.0.30523.141
MinimumVisualStudioVersion = 10.0.40219.1
Project("{FAE04EC0-301F-11D3-BF4B-00C04F79EFBC}") = "Cosa_Cristina_lab8", "Cosa_Cristina_lab8.csproj", "{2E58C397-C4BD-49C2-9686-0CC81DCF9A2A}"
EndProject
Global
	GlobalSection(SolutionConfigurationPlatforms) = preSolution
		Debug|Any CPU = Debug|Any CPU
		Release|Any CPU = Release|Any CPU
	EndGlobalSection
	GlobalSection(ProjectConfigurationPlatforms) = postSolution
		{2E58C397-C4BD-49C2-9686-0CC81DCF9A2A}.Debug|Any CPU.ActiveCfg = Debug|Any CPU
		{2E58C397-C4BD-49C2-9686-0CC81DCF9A2A}.Debug|Any CPU.Build.0 = Debug|Any CPU
		{2E58C397-C4BD-49C2-9686-0CC81DCF9A2A}.Release|Any CPU.ActiveCfg = Release|Any CPU
		{2E58C397-C4BD-49C2-9686-0CC81DCF9A2A}.Release|Any CPU.Build.0 = Release|Any CPU
	EndGlobalSection
	GlobalSection(SolutionProperties) = preSolution
		HideSolutionNode = FALSE
	EndGlobalSection
	GlobalSection(ExtensibilityGlobals) = postSolution
		SolutionGuid = {E84BEB73-8A83-4961-A0FD-4580998431BB}
	EndGlobalSection
EndGlobal
